// !$*UTF8*$!
{
	archiveVersion = 1;
	classes = {
	};
	objectVersion = 46;
	objects = {

/* Begin PBXBuildFile section */
		2AFB89DE1CE3A9A3000052EF /* AppDelegate.swift in Sources */ = {isa = PBXBuildFile; fileRef = 2AFB89DD1CE3A9A3000052EF /* AppDelegate.swift */; };
		2AFB89E01CE3A9A3000052EF /* ViewController.swift in Sources */ = {isa = PBXBuildFile; fileRef = 2AFB89DF1CE3A9A3000052EF /* ViewController.swift */; };
		2AFB89E31CE3A9A3000052EF /* Main.storyboard in Resources */ = {isa = PBXBuildFile; fileRef = 2AFB89E11CE3A9A3000052EF /* Main.storyboard */; };
		2AFB89E51CE3A9A3000052EF /* Assets.xcassets in Resources */ = {isa = PBXBuildFile; fileRef = 2AFB89E41CE3A9A3000052EF /* Assets.xcassets */; };
		2AFB89E81CE3A9A3000052EF /* LaunchScreen.storyboard in Resources */ = {isa = PBXBuildFile; fileRef = 2AFB89E61CE3A9A3000052EF /* LaunchScreen.storyboard */; };
		2AFB89F01CE3D726000052EF /* TimerModel.swift in Sources */ = {isa = PBXBuildFile; fileRef = 2AFB89EF1CE3D726000052EF /* TimerModel.swift */; };
		2AFB89F21CEA5629000052EF /* TimerDetailViewController.swift in Sources */ = {isa = PBXBuildFile; fileRef = 2AFB89F11CEA5629000052EF /* TimerDetailViewController.swift */; };
		2AFB89F71CEA5B7D000052EF /* TimerEditViewController.swift in Sources */ = {isa = PBXBuildFile; fileRef = 2AFB89F61CEA5B7D000052EF /* TimerEditViewController.swift */; };
/* End PBXBuildFile section */

/* Begin PBXFileReference section */
		2AFB89DA1CE3A9A3000052EF /* Coffee Timer.app */ = {isa = PBXFileReference; explicitFileType = wrapper.application; includeInIndex = 0; path = "Coffee Timer.app"; sourceTree = BUILT_PRODUCTS_DIR; };
		2AFB89DD1CE3A9A3000052EF /* AppDelegate.swift */ = {isa = PBXFileReference; lastKnownFileType = sourcecode.swift; path = AppDelegate.swift; sourceTree = "<group>"; };
		2AFB89DF1CE3A9A3000052EF /* ViewController.swift */ = {isa = PBXFileReference; lastKnownFileType = sourcecode.swift; path = ViewController.swift; sourceTree = "<group>"; };
		2AFB89E21CE3A9A3000052EF /* Base */ = {isa = PBXFileReference; lastKnownFileType = file.storyboard; name = Base; path = Base.lproj/Main.storyboard; sourceTree = "<group>"; };
		2AFB89E41CE3A9A3000052EF /* Assets.xcassets */ = {isa = PBXFileReference; lastKnownFileType = folder.assetcatalog; path = Assets.xcassets; sourceTree = "<group>"; };
		2AFB89E71CE3A9A3000052EF /* Base */ = {isa = PBXFileReference; lastKnownFileType = file.storyboard; name = Base; path = Base.lproj/LaunchScreen.storyboard; sourceTree = "<group>"; };
		2AFB89E91CE3A9A3000052EF /* Info.plist */ = {isa = PBXFileReference; lastKnownFileType = text.plist.xml; path = Info.plist; sourceTree = "<group>"; };
		2AFB89EF1CE3D726000052EF /* TimerModel.swift */ = {isa = PBXFileReference; fileEncoding = 4; lastKnownFileType = sourcecode.swift; path = TimerModel.swift; sourceTree = "<group>"; };
		2AFB89F11CEA5629000052EF /* TimerDetailViewController.swift */ = {isa = PBXFileReference; fileEncoding = 4; lastKnownFileType = sourcecode.swift; path = TimerDetailViewController.swift; sourceTree = "<group>"; };
		2AFB89F61CEA5B7D000052EF /* TimerEditViewController.swift */ = {isa = PBXFileReference; fileEncoding = 4; lastKnownFileType = sourcecode.swift; path = TimerEditViewController.swift; sourceTree = "<group>"; };
/* End PBXFileReference section */

/* Begin PBXFrameworksBuildPhase section */
		2AFB89D71CE3A9A3000052EF /* Frameworks */ = {
			isa = PBXFrameworksBuildPhase;
			buildActionMask = 2147483647;
			files = (
			);
			runOnlyForDeploymentPostprocessing = 0;
		};
/* End PBXFrameworksBuildPhase section */

/* Begin PBXGroup section */
		2AFB89D11CE3A9A3000052EF = {
			isa = PBXGroup;
			children = (
				2AFB89DC1CE3A9A3000052EF /* Coffee Timer */,
				2AFB89DB1CE3A9A3000052EF /* Products */,
			);
			sourceTree = "<group>";
		};
		2AFB89DB1CE3A9A3000052EF /* Products */ = {
			isa = PBXGroup;
			children = (
				2AFB89DA1CE3A9A3000052EF /* Coffee Timer.app */,
			);
			name = Products;
			sourceTree = "<group>";
		};
		2AFB89DC1CE3A9A3000052EF /* Coffee Timer */ = {
			isa = PBXGroup;
			children = (
				2AFB89DD1CE3A9A3000052EF /* AppDelegate.swift */,
				2AFB89E11CE3A9A3000052EF /* Main.storyboard */,
				2AFB89F31CEA565F000052EF /* View Controllers */,
				2AFB89F41CEA5667000052EF /* Models */,
				2AFB89E41CE3A9A3000052EF /* Assets.xcassets */,
				2AFB89F51CEA5694000052EF /* Supporting Files */,
			);
			path = "Coffee Timer";
			sourceTree = "<group>";
		};
		2AFB89F31CEA565F000052EF /* View Controllers */ = {
			isa = PBXGroup;
			children = (
				2AFB89F61CEA5B7D000052EF /* TimerEditViewController.swift */,
				2AFB89DF1CE3A9A3000052EF /* ViewController.swift */,
				2AFB89F11CEA5629000052EF /* TimerDetailViewController.swift */,
			);
			name = "View Controllers";
			sourceTree = "<group>";
		};
		2AFB89F41CEA5667000052EF /* Models */ = {
			isa = PBXGroup;
			children = (
				2AFB89EF1CE3D726000052EF /* TimerModel.swift */,
			);
			name = Models;
			sourceTree = "<group>";
		};
		2AFB89F51CEA5694000052EF /* Supporting Files */ = {
			isa = PBXGroup;
			children = (
				2AFB89E61CE3A9A3000052EF /* LaunchScreen.storyboard */,
				2AFB89E91CE3A9A3000052EF /* Info.plist */,
			);
			name = "Supporting Files";
			sourceTree = "<group>";
		};
/* End PBXGroup section */

/* Begin PBXNativeTarget section */
		2AFB89D91CE3A9A3000052EF /* Coffee Timer */ = {
			isa = PBXNativeTarget;
			buildConfigurationList = 2AFB89EC1CE3A9A3000052EF /* Build configuration list for PBXNativeTarget "Coffee Timer" */;
			buildPhases = (
				2AFB89D61CE3A9A3000052EF /* Sources */,
				2AFB89D71CE3A9A3000052EF /* Frameworks */,
				2AFB89D81CE3A9A3000052EF /* Resources */,
			);
			buildRules = (
			);
			dependencies = (
			);
			name = "Coffee Timer";
			productName = "Coffee Timer";
			productReference = 2AFB89DA1CE3A9A3000052EF /* Coffee Timer.app */;
			productType = "com.apple.product-type.application";
		};
/* End PBXNativeTarget section */

/* Begin PBXProject section */
		2AFB89D21CE3A9A3000052EF /* Project object */ = {
			isa = PBXProject;
			attributes = {
				LastSwiftUpdateCheck = 0720;
				LastUpgradeCheck = 0720;
				ORGANIZATIONNAME = "Karan Satia";
				TargetAttributes = {
					2AFB89D91CE3A9A3000052EF = {
						CreatedOnToolsVersion = 7.2.1;
						DevelopmentTeam = S8FYWK3S68;
					};
				};
			};
			buildConfigurationList = 2AFB89D51CE3A9A3000052EF /* Build configuration list for PBXProject "Coffee Timer" */;
			compatibilityVersion = "Xcode 3.2";
			developmentRegion = English;
			hasScannedForEncodings = 0;
			knownRegions = (
				en,
				Base,
			);
			mainGroup = 2AFB89D11CE3A9A3000052EF;
			productRefGroup = 2AFB89DB1CE3A9A3000052EF /* Products */;
			projectDirPath = "";
			projectRoot = "";
			targets = (
				2AFB89D91CE3A9A3000052EF /* Coffee Timer */,
			);
		};
/* End PBXProject section */

/* Begin PBXResourcesBuildPhase section */
		2AFB89D81CE3A9A3000052EF /* Resources */ = {
			isa = PBXResourcesBuildPhase;
			buildActionMask = 2147483647;
			files = (
				2AFB89E81CE3A9A3000052EF /* LaunchScreen.storyboard in Resources */,
				2AFB89E51CE3A9A3000052EF /* Assets.xcassets in Resources */,
				2AFB89E31CE3A9A3000052EF /* Main.storyboard in Resources */,
			);
			runOnlyForDeploymentPostprocessing = 0;
		};
/* End PBXResourcesBuildPhase section */

/* Begin PBXSourcesBuildPhase section */
		2AFB89D61CE3A9A3000052EF /* Sources */ = {
			isa = PBXSourcesBuildPhase;
			buildActionMask = 2147483647;
			files = (
				2AFB89F01CE3D726000052EF /* TimerModel.swift in Sources */,
				2AFB89F71CEA5B7D000052EF /* TimerEditViewController.swift in Sources */,
				2AFB89F21CEA5629000052EF /* TimerDetailViewController.swift in Sources */,
				2AFB89E01CE3A9A3000052EF /* ViewController.swift in Sources */,
				2AFB89DE1CE3A9A3000052EF /* AppDelegate.swift in Sources */,
			);
			runOnlyForDeploymentPostprocessing = 0;
		};
/* End PBXSourcesBuildPhase section */

/* Begin PBXVariantGroup section */
		2AFB89E11CE3A9A3000052EF /* Main.storyboard */ = {
			isa = PBXVariantGroup;
			children = (
				2AFB89E21CE3A9A3000052EF /* Base */,
			);
			name = Main.storyboard;
			sourceTree = "<group>";
		};
		2AFB89E61CE3A9A3000052EF /* LaunchScreen.storyboard */ = {
			isa = PBXVariantGroup;
			children = (
				2AFB89E71CE3A9A3000052EF /* Base */,
			);
			name = LaunchScreen.storyboard;
			sourceTree = "<group>";
		};
/* End PBXVariantGroup section */

/* Begin XCBuildConfiguration section */
		2AFB89EA1CE3A9A3000052EF /* Debug */ = {
			isa = XCBuildConfiguration;
			buildSettings = {
				ALWAYS_SEARCH_USER_PATHS = NO;
				CLANG_CXX_LANGUAGE_STANDARD = "gnu++0x";
				CLANG_CXX_LIBRARY = "libc++";
				CLANG_ENABLE_MODULES = YES;
				CLANG_ENABLE_OBJC_ARC = YES;
				CLANG_WARN_BOOL_CONVERSION = YES;
				CLANG_WARN_CONSTANT_CONVERSION = YES;
				CLANG_WARN_DIRECT_OBJC_ISA_USAGE = YES_ERROR;
				CLANG_WARN_EMPTY_BODY = YES;
				CLANG_WARN_ENUM_CONVERSION = YES;
				CLANG_WARN_INT_CONVERSION = YES;
				CLANG_WARN_OBJC_ROOT_CLASS = YES_ERROR;
				CLANG_WARN_UNREACHABLE_CODE = YES;
				CLANG_WARN__DUPLICATE_METHOD_MATCH = YES;
				"CODE_SIGN_IDENTITY[sdk=iphoneos*]" = "iPhone Developer";
				COPY_PHASE_STRIP = NO;
				DEBUG_INFORMATION_FORMAT = dwarf;
				ENABLE_STRICT_OBJC_MSGSEND = YES;
				ENABLE_TESTABILITY = YES;
				GCC_C_LANGUAGE_STANDARD = gnu99;
				GCC_DYNAMIC_NO_PIC = NO;
				GCC_NO_COMMON_BLOCKS = YES;
				GCC_OPTIMIZATION_LEVEL = 0;
				GCC_PREPROCESSOR_DEFINITIONS = (
					"DEBUG=1",
					"$(inherited)",
				);
				GCC_WARN_64_TO_32_BIT_CONVERSION = YES;
				GCC_WARN_ABOUT_RETURN_TYPE = YES_ERROR;
				GCC_WARN_UNDECLARED_SELECTOR = YES;
				GCC_WARN_UNINITIALIZED_AUTOS = YES_AGGRESSIVE;
				GCC_WARN_UNUSED_FUNCTION = YES;
				GCC_WARN_UNUSED_VARIABLE = YES;
				IPHONEOS_DEPLOYMENT_TARGET = 9.2;
				MTL_ENABLE_DEBUG_INFO = YES;
				ONLY_ACTIVE_ARCH = YES;
				SDKROOT = iphoneos;
				SWIFT_OPTIMIZATION_LEVEL = "-Onone";
				TARGETED_DEVICE_FAMILY = "1,2";
			};
			name = Debug;
		};
		2AFB89EB1CE3A9A3000052EF /* Release */ = {
			isa = XCBuildConfiguration;
			buildSettings = {
				ALWAYS_SEARCH_USER_PATHS = NO;
				CLANG_CXX_LANGUAGE_STANDARD = "gnu++0x";
				CLANG_CXX_LIBRARY = "libc++";
				CLANG_ENABLE_MODULES = YES;
				CLANG_ENABLE_OBJC_ARC = YES;
				CLANG_WARN_BOOL_CONVERSION = YES;
				CLANG_WARN_CONSTANT_CONVERSION = YES;
				CLANG_WARN_DIRECT_OBJC_ISA_USAGE = YES_ERROR;
				CLANG_WARN_EMPTY_BODY = YES;
				CLANG_WARN_ENUM_CONVERSION = YES;
				CLANG_WARN_INT_CONVERSION = YES;
				CLANG_WARN_OBJC_ROOT_CLASS = YES_ERROR;
				CLANG_WARN_UNREACHABLE_CODE = YES;
				CLANG_WARN__DUPLICATE_METHOD_MATCH = YES;
				"CODE_SIGN_IDENTITY[sdk=iphoneos*]" = "iPhone Developer";
				COPY_PHASE_STRIP = NO;
				DEBUG_INFORMATION_FORMAT = "dwarf-with-dsym";
				ENABLE_NS_ASSERTIONS = NO;
				ENABLE_STRICT_OBJC_MSGSEND = YES;
				GCC_C_LANGUAGE_STANDARD = gnu99;
				GCC_NO_COMMON_BLOCKS = YES;
				GCC_WARN_64_TO_32_BIT_CONVERSION = YES;
				GCC_WARN_ABOUT_RETURN_TYPE = YES_ERROR;
				GCC_WARN_UNDECLARED_SELECTOR = YES;
				GCC_WARN_UNINITIALIZED_AUTOS = YES_AGGRESSIVE;
				GCC_WARN_UNUSED_FUNCTION = YES;
				GCC_WARN_UNUSED_VARIABLE = YES;
				IPHONEOS_DEPLOYMENT_TARGET = 9.2;
				MTL_ENABLE_DEBUG_INFO = NO;
				SDKROOT = iphoneos;
				TARGETED_DEVICE_FAMILY = "1,2";
				VALIDATE_PRODUCT = YES;
			};
			name = Release;
		};
		2AFB89ED1CE3A9A3000052EF /* Debug */ = {
			isa = XCBuildConfiguration;
			buildSettings = {
				ASSETCATALOG_COMPILER_APPICON_NAME = AppIcon;
				INFOPLIST_FILE = "Coffee Timer/Info.plist";
				LD_RUNPATH_SEARCH_PATHS = "$(inherited) @executable_path/Frameworks";
				PRODUCT_BUNDLE_IDENTIFIER = "com.karansatia.Coffee-Timer";
				PRODUCT_NAME = "$(TARGET_NAME)";
			};
			name = Debug;
		};
		2AFB89EE1CE3A9A3000052EF /* Release */ = {
			isa = XCBuildConfiguration;
			buildSettings = {
				ASSETCATALOG_COMPILER_APPICON_NAME = AppIcon;
				INFOPLIST_FILE = "Coffee Timer/Info.plist";
				LD_RUNPATH_SEARCH_PATHS = "$(inherited) @executable_path/Frameworks";
				PRODUCT_BUNDLE_IDENTIFIER = "com.karansatia.Coffee-Timer";
				PRODUCT_NAME = "$(TARGET_NAME)";
			};
			name = Release;
		};
/* End XCBuildConfiguration section */

/* Begin XCConfigurationList section */
		2AFB89D51CE3A9A3000052EF /* Build configuration list for PBXProject "Coffee Timer" */ = {
			isa = XCConfigurationList;
			buildConfigurations = (
				2AFB89EA1CE3A9A3000052EF /* Debug */,
				2AFB89EB1CE3A9A3000052EF /* Release */,
			);
			defaultConfigurationIsVisible = 0;
			defaultConfigurationName = Release;
		};
		2AFB89EC1CE3A9A3000052EF /* Build configuration list for PBXNativeTarget "Coffee Timer" */ = {
			isa = XCConfigurationList;
			buildConfigurations = (
				2AFB89ED1CE3A9A3000052EF /* Debug */,
				2AFB89EE1CE3A9A3000052EF /* Release */,
			);
			defaultConfigurationIsVisible = 0;
		};
/* End XCConfigurationList section */
	};
	rootObject = 2AFB89D21CE3A9A3000052EF /* Project object */;
}
